{
  "name": "lib_browser_node_nodejs",
  "version": "1.0.0",
  "lockfileVersion": 1,
  "requires": true,
  "dependencies": {
    "@orbb2010/lib_browser_node": {
      "version": "1.0.0",
      "resolved": "https://npm.pkg.github.com/download/@orbb2010/lib_browser_node/1.0.0/d5da4a3803193841dba791f91b55f1d871b7356e",
      "integrity": "sha512-/44dQ/+qj6y2kXGUbkhn82Ib9Zrx8Hkw5DJhHXkJxeP+3lqvX/r/XVc3dXM4/D7eldXGEnwyBVC0gunDE/WtvQ=="
    }
  }
}
